
Microsoft Visual Studio Solution File, Format Version 12.00
# Visual Studio 15
VisualStudioVersion = 15.0.27428.1
MinimumVisualStudioVersion = 10.0.40219.1
Project("{FAE04EC0-301F-11D3-BF4B-00C04F79EFBC}") = "SammysAuto", "SammysAuto\SammysAuto.csproj", "{1906B4A8-37CF-4D6C-A243-BD48481BA760}"
EndProject
Global
	GlobalSection(SolutionConfigurationPlatforms) = preSolution
		Debug|Any CPU = Debug|Any CPU
		Release|Any CPU = Release|Any CPU
	EndGlobalSection
	GlobalSection(ProjectConfigurationPlatforms) = postSolution
		{1906B4A8-37CF-4D6C-A243-BD48481BA760}.Debug|Any CPU.ActiveCfg = Debug|Any CPU
		{1906B4A8-37CF-4D6C-A243-BD48481BA760}.Debug|Any CPU.Build.0 = Debug|Any CPU
		{1906B4A8-37CF-4D6C-A243-BD48481BA760}.Release|Any CPU.ActiveCfg = Release|Any CPU
		{1906B4A8-37CF-4D6C-A243-BD48481BA760}.Release|Any CPU.Build.0 = Release|Any CPU
	EndGlobalSection
	GlobalSection(SolutionProperties) = preSolution
		HideSolutionNode = FALSE
	EndGlobalSection
	GlobalSection(ExtensibilityGlobals) = postSolution
		SolutionGuid = {6B73A055-C2CA-4E32-BA91-8BB14DAA6451}
	EndGlobalSection
EndGlobal
